{
    "version": 3,
    "terraform_version": "0.7.13",
    "serial": 17,
    "lineage": "039eb45b-5251-4c99-9895-72d7242a6604",
    "modules": [
        {
            "path": [
                "root"
            ],
            "outputs": {},
            "resources": {
                "aws_autoscaling_group.stelligent-web-asg": {
                    "type": "aws_autoscaling_group",
                    "depends_on": [
                        "aws_elb.web-elb",
                        "aws_launch_configuration.web-lc"
                    ],
                    "primary": {
                        "id": "stelligent-web-asg-stelligent-web-lc-201701292228391489501132lo",
                        "attributes": {
                            "arn": "arn:aws:autoscaling:us-west-2:428497655160:autoScalingGroup:ac74ea71-3f45-4119-b736-727d28785d2d:autoScalingGroupName/stelligent-web-asg-stelligent-web-lc-201701292228391489501132lo",
                            "availability_zones.#": "3",
                            "availability_zones.2050015877": "us-west-2c",
                            "availability_zones.221770259": "us-west-2b",
                            "availability_zones.2487133097": "us-west-2a",
                            "default_cooldown": "300",
                            "desired_capacity": "2",
                            "force_delete": "true",
                            "health_check_grace_period": "300",
                            "health_check_type": "EC2",
                            "id": "stelligent-web-asg-stelligent-web-lc-201701292228391489501132lo",
                            "launch_configuration": "stelligent-web-lc-201701292228391489501132lo",
                            "load_balancers.#": "1",
                            "load_balancers.2705030409": "stelligent-web-elb",
                            "max_size": "2",
                            "metrics_granularity": "1Minute",
                            "min_size": "2",
                            "name": "stelligent-web-asg-stelligent-web-lc-201701292228391489501132lo",
                            "placement_group": "",
                            "protect_from_scale_in": "false",
                            "tag.#": "1",
                            "tag.2421615522.key": "Name",
                            "tag.2421615522.propagate_at_launch": "true",
                            "tag.2421615522.value": "web-asg",
                            "target_group_arns.#": "0",
                            "termination_policies.#": "0",
                            "vpc_zone_identifier.#": "1",
                            "vpc_zone_identifier.0": "",
                            "wait_for_capacity_timeout": "10m",
                            "wait_for_elb_capacity": "2"
                        },
                        "meta": {},
                        "tainted": false
                    },
                    "deposed": [],
                    "provider": ""
                },
                "aws_elb.web-elb": {
                    "type": "aws_elb",
                    "depends_on": [],
                    "primary": {
                        "id": "stelligent-web-elb",
                        "attributes": {
                            "access_logs.#": "0",
                            "availability_zones.#": "3",
                            "availability_zones.2050015877": "us-west-2c",
                            "availability_zones.221770259": "us-west-2b",
                            "availability_zones.2487133097": "us-west-2a",
                            "connection_draining": "false",
                            "connection_draining_timeout": "300",
                            "cross_zone_load_balancing": "true",
                            "dns_name": "stelligent-web-elb-51676393.us-west-2.elb.amazonaws.com",
                            "health_check.#": "1",
                            "health_check.0.healthy_threshold": "2",
                            "health_check.0.interval": "30",
                            "health_check.0.target": "HTTP:80/",
                            "health_check.0.timeout": "3",
                            "health_check.0.unhealthy_threshold": "2",
                            "id": "stelligent-web-elb",
                            "idle_timeout": "60",
                            "instances.#": "0",
                            "internal": "false",
                            "listener.#": "1",
                            "listener.3057123346.instance_port": "80",
                            "listener.3057123346.instance_protocol": "http",
                            "listener.3057123346.lb_port": "80",
                            "listener.3057123346.lb_protocol": "http",
                            "listener.3057123346.ssl_certificate_id": "",
                            "name": "stelligent-web-elb",
                            "security_groups.#": "1",
                            "security_groups.1896318171": "sg-5430b22c",
                            "source_security_group": "428497655160/default_elb_82ede669-2c01-3453-869a-cfacb0e30e63",
                            "source_security_group_id": "sg-5430b22c",
                            "subnets.#": "3",
                            "subnets.1182906628": "subnet-7114e638",
                            "subnets.1598896716": "subnet-814164d9",
                            "subnets.250563091": "subnet-c44e96a3",
                            "tags.%": "0",
                            "zone_id": "Z1H1FL5HABSF5"
                        },
                        "meta": {},
                        "tainted": false
                    },
                    "deposed": [],
                    "provider": ""
                },
                "aws_launch_configuration.web-lc": {
                    "type": "aws_launch_configuration",
                    "depends_on": [
                        "aws_security_group.simple"
                    ],
                    "primary": {
                        "id": "stelligent-web-lc-201701292228391489501132lo",
                        "attributes": {
                            "associate_public_ip_address": "false",
                            "ebs_block_device.#": "0",
                            "ebs_optimized": "false",
                            "enable_monitoring": "true",
                            "ephemeral_block_device.#": "0",
                            "iam_instance_profile": "",
                            "id": "stelligent-web-lc-201701292228391489501132lo",
                            "image_id": "ami-c69e26a6",
                            "instance_type": "t2.micro",
                            "key_name": "jengstro",
                            "name": "stelligent-web-lc-201701292228391489501132lo",
                            "name_prefix": "stelligent-web-lc-",
                            "root_block_device.#": "0",
                            "security_groups.#": "1",
                            "security_groups.3282537155": "sg-5330b22b",
                            "spot_price": "",
                            "vpc_classic_link_id": "",
                            "vpc_classic_link_security_groups.#": "0"
                        },
                        "meta": {},
                        "tainted": false
                    },
                    "deposed": [],
                    "provider": ""
                },
                "aws_route53_record.www": {
                    "type": "aws_route53_record",
                    "depends_on": [
                        "aws_elb.web-elb",
                        "aws_elb.web-elb"
                    ],
                    "primary": {
                        "id": "Z1FGPYB4OUXXN0_stelligent.calms-dev.org_A",
                        "attributes": {
                            "alias.#": "1",
                            "alias.4194151447.evaluate_target_health": "true",
                            "alias.4194151447.name": "stelligent-web-elb-51676393.us-west-2.elb.amazonaws.com",
                            "alias.4194151447.zone_id": "Z1H1FL5HABSF5",
                            "fqdn": "stelligent.calms-dev.org",
                            "health_check_id": "",
                            "id": "Z1FGPYB4OUXXN0_stelligent.calms-dev.org_A",
                            "name": "stelligent.calms-dev.org",
                            "records.#": "0",
                            "set_identifier": "",
                            "ttl": "0",
                            "type": "A",
                            "zone_id": "Z1FGPYB4OUXXN0"
                        },
                        "meta": {
                            "schema_version": "2"
                        },
                        "tainted": false
                    },
                    "deposed": [],
                    "provider": ""
                },
                "aws_security_group.simple": {
                    "type": "aws_security_group",
                    "depends_on": [],
                    "primary": {
                        "id": "sg-5330b22b",
                        "attributes": {
                            "description": "Allow port 80 inbound",
                            "egress.#": "1",
                            "egress.482069346.cidr_blocks.#": "1",
                            "egress.482069346.cidr_blocks.0": "0.0.0.0/0",
                            "egress.482069346.from_port": "0",
                            "egress.482069346.prefix_list_ids.#": "0",
                            "egress.482069346.protocol": "-1",
                            "egress.482069346.security_groups.#": "0",
                            "egress.482069346.self": "false",
                            "egress.482069346.to_port": "0",
                            "id": "sg-5330b22b",
                            "ingress.#": "1",
                            "ingress.2214680975.cidr_blocks.#": "1",
                            "ingress.2214680975.cidr_blocks.0": "0.0.0.0/0",
                            "ingress.2214680975.from_port": "80",
                            "ingress.2214680975.protocol": "tcp",
                            "ingress.2214680975.security_groups.#": "0",
                            "ingress.2214680975.self": "false",
                            "ingress.2214680975.to_port": "80",
                            "name": "stelligent_static_webpage",
                            "owner_id": "428497655160",
                            "tags.%": "0",
                            "vpc_id": "vpc-9a1590fd"
                        },
                        "meta": {},
                        "tainted": false
                    },
                    "deposed": [],
                    "provider": ""
                }
            },
            "depends_on": []
        }
    ]
}
